
Microsoft Visual Studio Solution File, Format Version 12.00
# Visual Studio Version 17
VisualStudioVersion = 17.0.31903.59
MinimumVisualStudioVersion = 10.0.40219.1
Project("{FAE04EC0-301F-11D3-BF4B-00C04F79EFBC}") = "ClassVsStruct", "ClassVsStruct\ClassVsStruct.csproj", "{4F5D0762-777B-4242-B20E-B28A2866900C}"
EndProject
Project("{FAE04EC0-301F-11D3-BF4B-00C04F79EFBC}") = "StructWithRef", "StructWithRef\StructWithRef.csproj", "{C72C6B96-47A6-4522-B6C5-8913D14FE4E5}"
EndProject
Project("{FAE04EC0-301F-11D3-BF4B-00C04F79EFBC}") = "MiniGame", "MiniGame\MiniGame.csproj", "{7D5B8A61-13C5-43A3-B9D4-D3B8C61D011A}"
EndProject
Project("{FAE04EC0-301F-11D3-BF4B-00C04F79EFBC}") = "Polimorfismo", "Polimorfismo\Polimorfismo.csproj", "{D5F46E4D-005E-4835-9AFA-389896138E71}"
EndProject
Global
	GlobalSection(SolutionConfigurationPlatforms) = preSolution
		Debug|Any CPU = Debug|Any CPU
		Release|Any CPU = Release|Any CPU
	EndGlobalSection
	GlobalSection(SolutionProperties) = preSolution
		HideSolutionNode = FALSE
	EndGlobalSection
	GlobalSection(ProjectConfigurationPlatforms) = postSolution
		{4F5D0762-777B-4242-B20E-B28A2866900C}.Debug|Any CPU.ActiveCfg = Debug|Any CPU
		{4F5D0762-777B-4242-B20E-B28A2866900C}.Debug|Any CPU.Build.0 = Debug|Any CPU
		{4F5D0762-777B-4242-B20E-B28A2866900C}.Release|Any CPU.ActiveCfg = Release|Any CPU
		{4F5D0762-777B-4242-B20E-B28A2866900C}.Release|Any CPU.Build.0 = Release|Any CPU
		{C72C6B96-47A6-4522-B6C5-8913D14FE4E5}.Debug|Any CPU.ActiveCfg = Debug|Any CPU
		{C72C6B96-47A6-4522-B6C5-8913D14FE4E5}.Debug|Any CPU.Build.0 = Debug|Any CPU
		{C72C6B96-47A6-4522-B6C5-8913D14FE4E5}.Release|Any CPU.ActiveCfg = Release|Any CPU
		{C72C6B96-47A6-4522-B6C5-8913D14FE4E5}.Release|Any CPU.Build.0 = Release|Any CPU
		{7D5B8A61-13C5-43A3-B9D4-D3B8C61D011A}.Debug|Any CPU.ActiveCfg = Debug|Any CPU
		{7D5B8A61-13C5-43A3-B9D4-D3B8C61D011A}.Debug|Any CPU.Build.0 = Debug|Any CPU
		{7D5B8A61-13C5-43A3-B9D4-D3B8C61D011A}.Release|Any CPU.ActiveCfg = Release|Any CPU
		{7D5B8A61-13C5-43A3-B9D4-D3B8C61D011A}.Release|Any CPU.Build.0 = Release|Any CPU
		{D5F46E4D-005E-4835-9AFA-389896138E71}.Debug|Any CPU.ActiveCfg = Debug|Any CPU
		{D5F46E4D-005E-4835-9AFA-389896138E71}.Debug|Any CPU.Build.0 = Debug|Any CPU
		{D5F46E4D-005E-4835-9AFA-389896138E71}.Release|Any CPU.ActiveCfg = Release|Any CPU
		{D5F46E4D-005E-4835-9AFA-389896138E71}.Release|Any CPU.Build.0 = Release|Any CPU
	EndGlobalSection
EndGlobal
